
Microsoft Visual Studio Solution File, Format Version 12.00
# Visual Studio Version 17
VisualStudioVersion = 17.2.32616.157
MinimumVisualStudioVersion = 10.0.40219.1
Project("{8BC9CEB8-8B4A-11D0-8D11-00A0C91BC942}") = "lua", "Lua\Lua.vcxproj", "{8E5369C6-EED9-48ED-A23F-C7EC52BF8D84}"
EndProject
Project("{8BC9CEB8-8B4A-11D0-8D11-00A0C91BC942}") = "liblua", "liblua\liblua.vcxproj", "{82A202F1-0B18-497F-9A5C-6F95AF0E3668}"
EndProject
Project("{8BC9CEB8-8B4A-11D0-8D11-00A0C91BC942}") = "lib1", "lib1\lib1.vcxproj", "{DC79D6B5-DD68-4B53-9082-F4C05BE3E3DA}"
	ProjectSection(ProjectDependencies) = postProject
		{82A202F1-0B18-497F-9A5C-6F95AF0E3668} = {82A202F1-0B18-497F-9A5C-6F95AF0E3668}
	EndProjectSection
EndProject
Project("{2150E333-8FDC-42A3-9474-1A3956D46DE8}") = "tests", "tests", "{A8D6F603-09E7-4FE3-B020-74EA2B2E16DB}"
EndProject
Project("{8BC9CEB8-8B4A-11D0-8D11-00A0C91BC942}") = "lib2", "lib2\lib2.vcxproj", "{FB4832E0-8285-4895-A720-3312EB343B83}"
EndProject
Project("{8BC9CEB8-8B4A-11D0-8D11-00A0C91BC942}") = "lib11", "lib11\lib11.vcxproj", "{8417601D-3839-4E7E-9696-20FD3866A132}"
	ProjectSection(ProjectDependencies) = postProject
		{DC79D6B5-DD68-4B53-9082-F4C05BE3E3DA} = {DC79D6B5-DD68-4B53-9082-F4C05BE3E3DA}
	EndProjectSection
EndProject
Project("{8BC9CEB8-8B4A-11D0-8D11-00A0C91BC942}") = "lib21", "lib21\lib21.vcxproj", "{341EA3F5-ABBE-4853-8E70-56DF84E924CE}"
EndProject
Project("{8BC9CEB8-8B4A-11D0-8D11-00A0C91BC942}") = "lib22", "lib22\lib22.vcxproj", "{D5428342-2B68-4A28-8CF4-1AA3D3C13323}"
EndProject
Project("{8BC9CEB8-8B4A-11D0-8D11-00A0C91BC942}") = "libluastatic", "libluastatic\libluastatic.vcxproj", "{68F44E0C-D259-4AA8-97EA-02C3D9930FD8}"
EndProject
Global
	GlobalSection(SolutionConfigurationPlatforms) = preSolution
		Debug|ARM64 = Debug|ARM64
		Debug|ARM64EC = Debug|ARM64EC
		Debug|x64 = Debug|x64
		Debug|x86 = Debug|x86
		Release|ARM64 = Release|ARM64
		Release|ARM64EC = Release|ARM64EC
		Release|x64 = Release|x64
		Release|x86 = Release|x86
	EndGlobalSection
	GlobalSection(ProjectConfigurationPlatforms) = postSolution
		{8E5369C6-EED9-48ED-A23F-C7EC52BF8D84}.Debug|ARM64.ActiveCfg = Debug|ARM64
		{8E5369C6-EED9-48ED-A23F-C7EC52BF8D84}.Debug|ARM64.Build.0 = Debug|ARM64
		{8E5369C6-EED9-48ED-A23F-C7EC52BF8D84}.Debug|ARM64EC.ActiveCfg = Debug|ARM64EC
		{8E5369C6-EED9-48ED-A23F-C7EC52BF8D84}.Debug|ARM64EC.Build.0 = Debug|ARM64EC
		{8E5369C6-EED9-48ED-A23F-C7EC52BF8D84}.Debug|x64.ActiveCfg = Debug|x64
		{8E5369C6-EED9-48ED-A23F-C7EC52BF8D84}.Debug|x64.Build.0 = Debug|x64
		{8E5369C6-EED9-48ED-A23F-C7EC52BF8D84}.Debug|x86.ActiveCfg = Debug|Win32
		{8E5369C6-EED9-48ED-A23F-C7EC52BF8D84}.Debug|x86.Build.0 = Debug|Win32
		{8E5369C6-EED9-48ED-A23F-C7EC52BF8D84}.Release|ARM64.ActiveCfg = Release|ARM64
		{8E5369C6-EED9-48ED-A23F-C7EC52BF8D84}.Release|ARM64.Build.0 = Release|ARM64
		{8E5369C6-EED9-48ED-A23F-C7EC52BF8D84}.Release|ARM64EC.ActiveCfg = Release|ARM64EC
		{8E5369C6-EED9-48ED-A23F-C7EC52BF8D84}.Release|ARM64EC.Build.0 = Release|ARM64EC
		{8E5369C6-EED9-48ED-A23F-C7EC52BF8D84}.Release|x64.ActiveCfg = Release|x64
		{8E5369C6-EED9-48ED-A23F-C7EC52BF8D84}.Release|x64.Build.0 = Release|x64
		{8E5369C6-EED9-48ED-A23F-C7EC52BF8D84}.Release|x86.ActiveCfg = Release|Win32
		{8E5369C6-EED9-48ED-A23F-C7EC52BF8D84}.Release|x86.Build.0 = Release|Win32
		{82A202F1-0B18-497F-9A5C-6F95AF0E3668}.Debug|ARM64.ActiveCfg = Debug|ARM64
		{82A202F1-0B18-497F-9A5C-6F95AF0E3668}.Debug|ARM64.Build.0 = Debug|ARM64
		{82A202F1-0B18-497F-9A5C-6F95AF0E3668}.Debug|ARM64EC.ActiveCfg = Debug|ARM64EC
		{82A202F1-0B18-497F-9A5C-6F95AF0E3668}.Debug|ARM64EC.Build.0 = Debug|ARM64EC
		{82A202F1-0B18-497F-9A5C-6F95AF0E3668}.Debug|x64.ActiveCfg = Debug|x64
		{82A202F1-0B18-497F-9A5C-6F95AF0E3668}.Debug|x64.Build.0 = Debug|x64
		{82A202F1-0B18-497F-9A5C-6F95AF0E3668}.Debug|x86.ActiveCfg = Debug|Win32
		{82A202F1-0B18-497F-9A5C-6F95AF0E3668}.Debug|x86.Build.0 = Debug|Win32
		{82A202F1-0B18-497F-9A5C-6F95AF0E3668}.Release|ARM64.ActiveCfg = Release|ARM64
		{82A202F1-0B18-497F-9A5C-6F95AF0E3668}.Release|ARM64.Build.0 = Release|ARM64
		{82A202F1-0B18-497F-9A5C-6F95AF0E3668}.Release|ARM64EC.ActiveCfg = Release|ARM64EC
		{82A202F1-0B18-497F-9A5C-6F95AF0E3668}.Release|ARM64EC.Build.0 = Release|ARM64EC
		{82A202F1-0B18-497F-9A5C-6F95AF0E3668}.Release|x64.ActiveCfg = Release|x64
		{82A202F1-0B18-497F-9A5C-6F95AF0E3668}.Release|x64.Build.0 = Release|x64
		{82A202F1-0B18-497F-9A5C-6F95AF0E3668}.Release|x86.ActiveCfg = Release|Win32
		{82A202F1-0B18-497F-9A5C-6F95AF0E3668}.Release|x86.Build.0 = Release|Win32
		{DC79D6B5-DD68-4B53-9082-F4C05BE3E3DA}.Debug|ARM64.ActiveCfg = Debug|ARM64
		{DC79D6B5-DD68-4B53-9082-F4C05BE3E3DA}.Debug|ARM64.Build.0 = Debug|ARM64
		{DC79D6B5-DD68-4B53-9082-F4C05BE3E3DA}.Debug|ARM64EC.ActiveCfg = Debug|ARM64EC
		{DC79D6B5-DD68-4B53-9082-F4C05BE3E3DA}.Debug|ARM64EC.Build.0 = Debug|ARM64EC
		{DC79D6B5-DD68-4B53-9082-F4C05BE3E3DA}.Debug|x64.ActiveCfg = Debug|x64
		{DC79D6B5-DD68-4B53-9082-F4C05BE3E3DA}.Debug|x64.Build.0 = Debug|x64
		{DC79D6B5-DD68-4B53-9082-F4C05BE3E3DA}.Debug|x86.ActiveCfg = Debug|Win32
		{DC79D6B5-DD68-4B53-9082-F4C05BE3E3DA}.Debug|x86.Build.0 = Debug|Win32
		{DC79D6B5-DD68-4B53-9082-F4C05BE3E3DA}.Release|ARM64.ActiveCfg = Release|ARM64
		{DC79D6B5-DD68-4B53-9082-F4C05BE3E3DA}.Release|ARM64.Build.0 = Release|ARM64
		{DC79D6B5-DD68-4B53-9082-F4C05BE3E3DA}.Release|ARM64EC.ActiveCfg = Release|ARM64EC
		{DC79D6B5-DD68-4B53-9082-F4C05BE3E3DA}.Release|ARM64EC.Build.0 = Release|ARM64EC
		{DC79D6B5-DD68-4B53-9082-F4C05BE3E3DA}.Release|x64.ActiveCfg = Release|x64
		{DC79D6B5-DD68-4B53-9082-F4C05BE3E3DA}.Release|x64.Build.0 = Release|x64
		{DC79D6B5-DD68-4B53-9082-F4C05BE3E3DA}.Release|x86.ActiveCfg = Release|Win32
		{DC79D6B5-DD68-4B53-9082-F4C05BE3E3DA}.Release|x86.Build.0 = Release|Win32
		{FB4832E0-8285-4895-A720-3312EB343B83}.Debug|ARM64.ActiveCfg = Debug|ARM64
		{FB4832E0-8285-4895-A720-3312EB343B83}.Debug|ARM64.Build.0 = Debug|ARM64
		{FB4832E0-8285-4895-A720-3312EB343B83}.Debug|ARM64EC.ActiveCfg = Debug|ARM64EC
		{FB4832E0-8285-4895-A720-3312EB343B83}.Debug|ARM64EC.Build.0 = Debug|ARM64EC
		{FB4832E0-8285-4895-A720-3312EB343B83}.Debug|x64.ActiveCfg = Debug|x64
		{FB4832E0-8285-4895-A720-3312EB343B83}.Debug|x64.Build.0 = Debug|x64
		{FB4832E0-8285-4895-A720-3312EB343B83}.Debug|x86.ActiveCfg = Debug|Win32
		{FB4832E0-8285-4895-A720-3312EB343B83}.Debug|x86.Build.0 = Debug|Win32
		{FB4832E0-8285-4895-A720-3312EB343B83}.Release|ARM64.ActiveCfg = Release|ARM64
		{FB4832E0-8285-4895-A720-3312EB343B83}.Release|ARM64.Build.0 = Release|ARM64
		{FB4832E0-8285-4895-A720-3312EB343B83}.Release|ARM64EC.ActiveCfg = Release|ARM64EC
		{FB4832E0-8285-4895-A720-3312EB343B83}.Release|ARM64EC.Build.0 = Release|ARM64EC
		{FB4832E0-8285-4895-A720-3312EB343B83}.Release|x64.ActiveCfg = Release|x64
		{FB4832E0-8285-4895-A720-3312EB343B83}.Release|x64.Build.0 = Release|x64
		{FB4832E0-8285-4895-A720-3312EB343B83}.Release|x86.ActiveCfg = Release|Win32
		{FB4832E0-8285-4895-A720-3312EB343B83}.Release|x86.Build.0 = Release|Win32
		{8417601D-3839-4E7E-9696-20FD3866A132}.Debug|ARM64.ActiveCfg = Debug|ARM64
		{8417601D-3839-4E7E-9696-20FD3866A132}.Debug|ARM64.Build.0 = Debug|ARM64
		{8417601D-3839-4E7E-9696-20FD3866A132}.Debug|ARM64EC.ActiveCfg = Debug|ARM64EC
		{8417601D-3839-4E7E-9696-20FD3866A132}.Debug|ARM64EC.Build.0 = Debug|ARM64EC
		{8417601D-3839-4E7E-9696-20FD3866A132}.Debug|x64.ActiveCfg = Debug|x64
		{8417601D-3839-4E7E-9696-20FD3866A132}.Debug|x64.Build.0 = Debug|x64
		{8417601D-3839-4E7E-9696-20FD3866A132}.Debug|x86.ActiveCfg = Debug|Win32
		{8417601D-3839-4E7E-9696-20FD3866A132}.Debug|x86.Build.0 = Debug|Win32
		{8417601D-3839-4E7E-9696-20FD3866A132}.Release|ARM64.ActiveCfg = Release|ARM64
		{8417601D-3839-4E7E-9696-20FD3866A132}.Release|ARM64.Build.0 = Release|ARM64
		{8417601D-3839-4E7E-9696-20FD3866A132}.Release|ARM64EC.ActiveCfg = Release|ARM64EC
		{8417601D-3839-4E7E-9696-20FD3866A132}.Release|ARM64EC.Build.0 = Release|ARM64EC
		{8417601D-3839-4E7E-9696-20FD3866A132}.Release|x64.ActiveCfg = Release|x64
		{8417601D-3839-4E7E-9696-20FD3866A132}.Release|x64.Build.0 = Release|x64
		{8417601D-3839-4E7E-9696-20FD3866A132}.Release|x86.ActiveCfg = Release|Win32
		{8417601D-3839-4E7E-9696-20FD3866A132}.Release|x86.Build.0 = Release|Win32
		{341EA3F5-ABBE-4853-8E70-56DF84E924CE}.Debug|ARM64.ActiveCfg = Debug|ARM64
		{341EA3F5-ABBE-4853-8E70-56DF84E924CE}.Debug|ARM64.Build.0 = Debug|ARM64
		{341EA3F5-ABBE-4853-8E70-56DF84E924CE}.Debug|ARM64EC.ActiveCfg = Debug|ARM64EC
		{341EA3F5-ABBE-4853-8E70-56DF84E924CE}.Debug|ARM64EC.Build.0 = Debug|ARM64EC
		{341EA3F5-ABBE-4853-8E70-56DF84E924CE}.Debug|x64.ActiveCfg = Debug|x64
		{341EA3F5-ABBE-4853-8E70-56DF84E924CE}.Debug|x64.Build.0 = Debug|x64
		{341EA3F5-ABBE-4853-8E70-56DF84E924CE}.Debug|x86.ActiveCfg = Debug|Win32
		{341EA3F5-ABBE-4853-8E70-56DF84E924CE}.Debug|x86.Build.0 = Debug|Win32
		{341EA3F5-ABBE-4853-8E70-56DF84E924CE}.Release|ARM64.ActiveCfg = Release|ARM64
		{341EA3F5-ABBE-4853-8E70-56DF84E924CE}.Release|ARM64.Build.0 = Release|ARM64
		{341EA3F5-ABBE-4853-8E70-56DF84E924CE}.Release|ARM64EC.ActiveCfg = Release|ARM64EC
		{341EA3F5-ABBE-4853-8E70-56DF84E924CE}.Release|ARM64EC.Build.0 = Release|ARM64EC
		{341EA3F5-ABBE-4853-8E70-56DF84E924CE}.Release|x64.ActiveCfg = Release|x64
		{341EA3F5-ABBE-4853-8E70-56DF84E924CE}.Release|x64.Build.0 = Release|x64
		{341EA3F5-ABBE-4853-8E70-56DF84E924CE}.Release|x86.ActiveCfg = Release|Win32
		{341EA3F5-ABBE-4853-8E70-56DF84E924CE}.Release|x86.Build.0 = Release|Win32
		{D5428342-2B68-4A28-8CF4-1AA3D3C13323}.Debug|ARM64.ActiveCfg = Debug|ARM64
		{D5428342-2B68-4A28-8CF4-1AA3D3C13323}.Debug|ARM64.Build.0 = Debug|ARM64
		{D5428342-2B68-4A28-8CF4-1AA3D3C13323}.Debug|ARM64EC.ActiveCfg = Debug|ARM64EC
		{D5428342-2B68-4A28-8CF4-1AA3D3C13323}.Debug|ARM64EC.Build.0 = Debug|ARM64EC
		{D5428342-2B68-4A28-8CF4-1AA3D3C13323}.Debug|x64.ActiveCfg = Debug|x64
		{D5428342-2B68-4A28-8CF4-1AA3D3C13323}.Debug|x64.Build.0 = Debug|x64
		{D5428342-2B68-4A28-8CF4-1AA3D3C13323}.Debug|x86.ActiveCfg = Debug|Win32
		{D5428342-2B68-4A28-8CF4-1AA3D3C13323}.Debug|x86.Build.0 = Debug|Win32
		{D5428342-2B68-4A28-8CF4-1AA3D3C13323}.Release|ARM64.ActiveCfg = Release|ARM64
		{D5428342-2B68-4A28-8CF4-1AA3D3C13323}.Release|ARM64.Build.0 = Release|ARM64
		{D5428342-2B68-4A28-8CF4-1AA3D3C13323}.Release|ARM64EC.ActiveCfg = Release|ARM64EC
		{D5428342-2B68-4A28-8CF4-1AA3D3C13323}.Release|ARM64EC.Build.0 = Release|ARM64EC
		{D5428342-2B68-4A28-8CF4-1AA3D3C13323}.Release|x64.ActiveCfg = Release|x64
		{D5428342-2B68-4A28-8CF4-1AA3D3C13323}.Release|x64.Build.0 = Release|x64
		{D5428342-2B68-4A28-8CF4-1AA3D3C13323}.Release|x86.ActiveCfg = Release|Win32
		{D5428342-2B68-4A28-8CF4-1AA3D3C13323}.Release|x86.Build.0 = Release|Win32
		{68F44E0C-D259-4AA8-97EA-02C3D9930FD8}.Debug|ARM64.ActiveCfg = Debug|ARM64
		{68F44E0C-D259-4AA8-97EA-02C3D9930FD8}.Debug|ARM64.Build.0 = Debug|ARM64
		{68F44E0C-D259-4AA8-97EA-02C3D9930FD8}.Debug|ARM64EC.ActiveCfg = Debug|ARM64EC
		{68F44E0C-D259-4AA8-97EA-02C3D9930FD8}.Debug|ARM64EC.Build.0 = Debug|ARM64EC
		{68F44E0C-D259-4AA8-97EA-02C3D9930FD8}.Debug|x64.ActiveCfg = Debug|x64
		{68F44E0C-D259-4AA8-97EA-02C3D9930FD8}.Debug|x64.Build.0 = Debug|x64
		{68F44E0C-D259-4AA8-97EA-02C3D9930FD8}.Debug|x86.ActiveCfg = Debug|Win32
		{68F44E0C-D259-4AA8-97EA-02C3D9930FD8}.Debug|x86.Build.0 = Debug|Win32
		{68F44E0C-D259-4AA8-97EA-02C3D9930FD8}.Release|ARM64.ActiveCfg = Release|ARM64
		{68F44E0C-D259-4AA8-97EA-02C3D9930FD8}.Release|ARM64.Build.0 = Release|ARM64
		{68F44E0C-D259-4AA8-97EA-02C3D9930FD8}.Release|ARM64EC.ActiveCfg = Release|ARM64EC
		{68F44E0C-D259-4AA8-97EA-02C3D9930FD8}.Release|ARM64EC.Build.0 = Release|ARM64EC
		{68F44E0C-D259-4AA8-97EA-02C3D9930FD8}.Release|x64.ActiveCfg = Release|x64
		{68F44E0C-D259-4AA8-97EA-02C3D9930FD8}.Release|x64.Build.0 = Release|x64
		{68F44E0C-D259-4AA8-97EA-02C3D9930FD8}.Release|x86.ActiveCfg = Release|Win32
		{68F44E0C-D259-4AA8-97EA-02C3D9930FD8}.Release|x86.Build.0 = Release|Win32
	EndGlobalSection
	GlobalSection(SolutionProperties) = preSolution
		HideSolutionNode = FALSE
	EndGlobalSection
	GlobalSection(NestedProjects) = preSolution
		{DC79D6B5-DD68-4B53-9082-F4C05BE3E3DA} = {A8D6F603-09E7-4FE3-B020-74EA2B2E16DB}
		{FB4832E0-8285-4895-A720-3312EB343B83} = {A8D6F603-09E7-4FE3-B020-74EA2B2E16DB}
		{8417601D-3839-4E7E-9696-20FD3866A132} = {A8D6F603-09E7-4FE3-B020-74EA2B2E16DB}
		{341EA3F5-ABBE-4853-8E70-56DF84E924CE} = {A8D6F603-09E7-4FE3-B020-74EA2B2E16DB}
		{D5428342-2B68-4A28-8CF4-1AA3D3C13323} = {A8D6F603-09E7-4FE3-B020-74EA2B2E16DB}
	EndGlobalSection
	GlobalSection(ExtensibilityGlobals) = postSolution
		SolutionGuid = {1D8A198E-785B-4EEF-9FA3-4B5A9FC209E9}
	EndGlobalSection
EndGlobal
